{
  "name": "@zakkster/market-map-demo",
  "lockfileVersion": 3,
  "requires": true,
  "packages": {
    "": {
      "name": "@zakkster/market-map-demo",
      "dependencies": {
        "@zakkster/lite-di-container": "2.2.0",
        "@zakkster/lite-di-cron": "1.0.0",
        "@zakkster/lite-di-event-bus": "1.1.0",
        "@zakkster/lite-di-graph": "1.0.0",
        "@zakkster/lite-di-health": "1.0.0",
        "@zakkster/lite-di-signal": "1.0.0",
        "@zakkster/lite-di-strategies": "1.0.0",
        "@zakkster/lite-di-supervisor": "1.0.0",
        "@zakkster/lite-di-ticker": "1.0.0",
        "@zakkster/lite-gl": "2.0.0",
        "@zakkster/lite-raf": "1.2.0",
        "@zakkster/lite-ring-buffer": "1.0.1",
        "@zakkster/lite-signal": "1.5.0",
        "@zakkster/lite-signal-decorators": "^1.5.0",
        "@zakkster/lite-ws": "1.0.0"
      },
      "devDependencies": {
        "@zakkster/lite-gc-profiler": "^1.15.0",
        "@zakkster/lite-leak": "^1.8.1"
      }
    },
    "node_modules/@zakkster/lite-cleanup": {
      "version": "1.1.0",
      "resolved": "https://registry.npmjs.org/@zakkster/lite-cleanup/-/lite-cleanup-1.1.0.tgz",
      "integrity": "sha512-V92TwaQ+ZexGRHeKu8qgmqTSAcNet1WlPg8qjWg7BeOSUPn6cg0Nb1SPFXkAMbQ27lPyYnNm0DraqvhVUGxjDg==",
      "dev": true,
      "license": "MIT",
      "engines": {
        "node": ">=20.0.0"
      },
      "funding": {
        "type": "github",
        "url": "https://github.com/sponsors/PeshoVurtoleta"
      }
    },
    "node_modules/@zakkster/lite-di-container": {
      "version": "2.2.0",
      "resolved": "https://registry.npmjs.org/@zakkster/lite-di-container/-/lite-di-container-2.2.0.tgz",
      "integrity": "sha512-RENpDS0Frfh70d4s6GXynADVSvaGj9yYZBK4/azv7pqEHfj7mBty2Vw3okv6WoTkdl+10kQVJKd8JIR0TRZ/SQ==",
      "license": "MIT",
      "engines": {
        "node": ">=18"
      },
      "funding": {
        "type": "github",
        "url": "https://github.com/sponsors/PeshoVurtoleta"
      }
    },
    "node_modules/@zakkster/lite-di-cron": {
      "version": "1.0.0",
      "resolved": "https://registry.npmjs.org/@zakkster/lite-di-cron/-/lite-di-cron-1.0.0.tgz",
      "integrity": "sha512-NKWnb/sWbIyZhCviZELFVQDQuXRCdwkv42GOsoDmt6dhIQgPlAoE1cU5DjnyuI2cCpXyPBTwnH+YIsXJtchF1w==",
      "license": "MIT",
      "engines": {
        "node": ">=18"
      },
      "funding": {
        "type": "github",
        "url": "https://github.com/sponsors/PeshoVurtoleta"
      },
      "peerDependencies": {
        "@zakkster/lite-di-container": ">=2.0.0"
      }
    },
    "node_modules/@zakkster/lite-di-event-bus": {
      "version": "1.1.0",
      "resolved": "https://registry.npmjs.org/@zakkster/lite-di-event-bus/-/lite-di-event-bus-1.1.0.tgz",
      "integrity": "sha512-mmsW15UXfusFOqHkz83u8EIPRQSqjYN8dVCplHL25aeo7BLnO3xF1u8ZS3FAhzyP8fvoj3WyWtMp7qK9fM0B9g==",
      "license": "MIT",
      "engines": {
        "node": ">=18"
      },
      "funding": {
        "type": "github",
        "url": "https://github.com/sponsors/PeshoVurtoleta"
      },
      "peerDependencies": {
        "@zakkster/lite-di-container": ">=2.0.0"
      }
    },
    "node_modules/@zakkster/lite-di-graph": {
      "version": "1.0.0",
      "resolved": "https://registry.npmjs.org/@zakkster/lite-di-graph/-/lite-di-graph-1.0.0.tgz",
      "integrity": "sha512-X36AZh6twSE9jgRNLsl/9PD9ANAmKxzvdzo/D8EzH3GHqhC6rIFxdjJHnKt3e8jKyk3ZO6gqnOiDrA1iXf1UXQ==",
      "license": "MIT",
      "engines": {
        "node": ">=18"
      },
      "funding": {
        "type": "github",
        "url": "https://github.com/sponsors/PeshoVurtoleta"
      },
      "peerDependencies": {
        "@zakkster/lite-di-container": ">=2.1.0"
      }
    },
    "node_modules/@zakkster/lite-di-health": {
      "version": "1.0.0",
      "resolved": "https://registry.npmjs.org/@zakkster/lite-di-health/-/lite-di-health-1.0.0.tgz",
      "integrity": "sha512-J5DVDNv5C+IXuXlar/RpfY0X96ELgRf2P2v3LerXy/Fwdn9y9gG1Ztd+VVQeRpQAwl8HVW1ZtqXF2NKd7w2nuQ==",
      "license": "MIT",
      "engines": {
        "node": ">=18"
      },
      "funding": {
        "type": "github",
        "url": "https://github.com/sponsors/PeshoVurtoleta"
      }
    },
    "node_modules/@zakkster/lite-di-signal": {
      "version": "1.0.0",
      "resolved": "https://registry.npmjs.org/@zakkster/lite-di-signal/-/lite-di-signal-1.0.0.tgz",
      "integrity": "sha512-FRfqjbres0mN+v7ngtmGSPGMAz21JzgO699OQ0544AR9Ud/yNmmTpo+D0s4mkouRypWXtGHhb/+R8Lj2rFMp/g==",
      "license": "MIT",
      "engines": {
        "node": ">=18"
      },
      "funding": {
        "type": "github",
        "url": "https://github.com/sponsors/PeshoVurtoleta"
      }
    },
    "node_modules/@zakkster/lite-di-strategies": {
      "version": "1.0.0",
      "resolved": "https://registry.npmjs.org/@zakkster/lite-di-strategies/-/lite-di-strategies-1.0.0.tgz",
      "integrity": "sha512-+HWS3eF2nguK2cbrw3K1rOBy+WzzNHSsPP4hCKc81wqRP+S/wqW3uy+zD7o+QqpGL4LBmYOnpYdu+HeEnhhjwg==",
      "license": "MIT",
      "engines": {
        "node": ">=18"
      },
      "funding": {
        "type": "github",
        "url": "https://github.com/sponsors/PeshoVurtoleta"
      }
    },
    "node_modules/@zakkster/lite-di-supervisor": {
      "version": "1.0.0",
      "resolved": "https://registry.npmjs.org/@zakkster/lite-di-supervisor/-/lite-di-supervisor-1.0.0.tgz",
      "integrity": "sha512-glj3DtrOhxBQzijf++Uqd2k6Bu1txMYtoxELCiHJYQ3XeUhO5R9G7LJciRYrEhwO+HvIbRuNg+HsNYvkzaxavA==",
      "license": "MIT",
      "engines": {
        "node": ">=18"
      },
      "funding": {
        "type": "github",
        "url": "https://github.com/sponsors/PeshoVurtoleta"
      },
      "peerDependencies": {
        "@zakkster/lite-di-container": ">=2.2.0"
      }
    },
    "node_modules/@zakkster/lite-di-ticker": {
      "version": "1.0.0",
      "resolved": "https://registry.npmjs.org/@zakkster/lite-di-ticker/-/lite-di-ticker-1.0.0.tgz",
      "integrity": "sha512-6aXsp86pLYu+pIPtnrqTCpE+iYWSODanvYmA7DR1yRYlyhnDEecj9EtzNpvFq5dHgztLzSJ0Qb8r97Y5q6EmmA==",
      "license": "MIT",
      "engines": {
        "node": ">=18"
      },
      "funding": {
        "type": "github",
        "url": "https://github.com/sponsors/PeshoVurtoleta"
      },
      "peerDependencies": {
        "@zakkster/lite-di-container": ">=2.0.0",
        "@zakkster/lite-raf": ">=1.1.0"
      }
    },
    "node_modules/@zakkster/lite-gc-profiler": {
      "version": "1.16.0",
      "resolved": "https://registry.npmjs.org/@zakkster/lite-gc-profiler/-/lite-gc-profiler-1.16.0.tgz",
      "integrity": "sha512-TMObsfiVj9dMqUKROSCPIA7RbjvHgXH9Nvh6HpRBTqbrrWUedSfq2L41iD7o5NGg4OdHq7yP+xmbd3SoKJ97tg==",
      "dev": true,
      "license": "MIT",
      "bin": {
        "lite-gc-gate": "bin/LiteGcGate.mjs"
      },
      "engines": {
        "node": ">=18"
      },
      "funding": {
        "type": "github",
        "url": "https://github.com/sponsors/PeshoVurtoleta"
      }
    },
    "node_modules/@zakkster/lite-gl": {
      "version": "2.0.0",
      "resolved": "https://registry.npmjs.org/@zakkster/lite-gl/-/lite-gl-2.0.0.tgz",
      "integrity": "sha512-I2yk59LnbrXmOHaB5dU2kz7qcDMjrYp3AZ0odPGdIP95/NYVVoyZdhplDFZysW4N9fWfZXceIVI8Au5FtwAeuQ==",
      "license": "MIT",
      "engines": {
        "node": ">=18"
      },
      "funding": {
        "type": "github",
        "url": "https://github.com/sponsors/PeshoVurtoleta"
      },
      "peerDependencies": {
        "@zakkster/lite-raf": "^1.0.0",
        "@zakkster/lite-signal": ">=1.5.0-alpha"
      }
    },
    "node_modules/@zakkster/lite-leak": {
      "version": "1.10.0",
      "resolved": "https://registry.npmjs.org/@zakkster/lite-leak/-/lite-leak-1.10.0.tgz",
      "integrity": "sha512-zzw5cmGuoPVhYwaULdkeDyQB1/G+N0fyLaBoBfve8tvD4LAW+919R1Q9qYpJ1+yS1ExopVDZq3t7BIk1ER+C4g==",
      "dev": true,
      "license": "MIT",
      "dependencies": {
        "@zakkster/lite-cleanup": "^1.0.0"
      },
      "engines": {
        "node": ">=20.0.0"
      },
      "funding": {
        "type": "github",
        "url": "https://github.com/sponsors/PeshoVurtoleta"
      },
      "peerDependencies": {
        "@zakkster/lite-signal": ">=1.5.0-beta.3 <2.0.0"
      }
    },
    "node_modules/@zakkster/lite-raf": {
      "version": "1.2.0",
      "resolved": "https://registry.npmjs.org/@zakkster/lite-raf/-/lite-raf-1.2.0.tgz",
      "integrity": "sha512-TsmB9J+PuSMK4CYP6Q/xsDL5d0V+ZCS6VXV361cSeLGmRO4Stdt54Za6/73U/+XxNj4blfMPAsgpNHlajlXi6Q==",
      "license": "MIT",
      "engines": {
        "node": ">=18"
      },
      "funding": {
        "type": "github",
        "url": "https://github.com/sponsors/PeshoVurtoleta"
      },
      "peerDependencies": {
        "@zakkster/lite-signal": "^1.1.5"
      }
    },
    "node_modules/@zakkster/lite-ring-buffer": {
      "version": "1.0.1",
      "resolved": "https://registry.npmjs.org/@zakkster/lite-ring-buffer/-/lite-ring-buffer-1.0.1.tgz",
      "integrity": "sha512-ACtdBj7OyW5qI+w4vSjdaNpe1jcJdrFVMx8W1eSs2tN1hxTV5lZBoq+JbmtrtUF5PPX/cghyOzhsU5fK/jxp0w==",
      "license": "MIT",
      "engines": {
        "node": ">=18.0.0"
      },
      "funding": {
        "type": "github",
        "url": "https://github.com/sponsors/PeshoVurtoleta"
      }
    },
    "node_modules/@zakkster/lite-signal": {
      "version": "1.5.0",
      "resolved": "https://registry.npmjs.org/@zakkster/lite-signal/-/lite-signal-1.5.0.tgz",
      "integrity": "sha512-0EJgGu1gcp6OuDBm8CRrbBOn9NFcdIYDH3z/hgCzx0C5JkHX8arN/adZ8DO32FWIGaco55uSb51JsZTPD6kiQQ==",
      "license": "MIT",
      "engines": {
        "node": ">=18"
      },
      "funding": {
        "type": "github",
        "url": "https://github.com/sponsors/PeshoVurtoleta"
      }
    },
    "node_modules/@zakkster/lite-signal-decorators": {
      "version": "1.5.0",
      "resolved": "https://registry.npmjs.org/@zakkster/lite-signal-decorators/-/lite-signal-decorators-1.5.0.tgz",
      "integrity": "sha512-Q4F4Jq5ZSbnUC1BkYb3Uaz14brn3zPJybVbvsW8QcAZnRKCtnxQkLMKde697zRT39ZgeA2J0CZ/BMvMlCBNJLQ==",
      "license": "MIT",
      "engines": {
        "node": ">=18"
      },
      "funding": {
        "type": "github",
        "url": "https://github.com/sponsors/PeshoVurtoleta"
      },
      "peerDependencies": {
        "@zakkster/lite-signal": ">=1.5.0 <2.0.0"
      }
    },
    "node_modules/@zakkster/lite-ws": {
      "version": "1.0.0",
      "resolved": "https://registry.npmjs.org/@zakkster/lite-ws/-/lite-ws-1.0.0.tgz",
      "integrity": "sha512-KAvF3xwSZZY3d/42UhNlD6npUX4yfSC/WtLgnNoq4v6XuLLG7Aq5JYVrQaYiJF/ir/Ce387sbw7HHDNZtns1ig==",
      "license": "MIT",
      "engines": {
        "node": ">=18"
      },
      "funding": {
        "type": "github",
        "url": "https://github.com/sponsors/PeshoVurtoleta"
      },
      "peerDependencies": {
        "@zakkster/lite-signal": ">=1.5.0-alpha"
      }
    }
  }
}
