{
  "name": "@zakkster/audio-rooms-demo",
  "lockfileVersion": 3,
  "requires": true,
  "packages": {
    "": {
      "name": "@zakkster/audio-rooms-demo",
      "dependencies": {
        "@zakkster/lite-audio": "2.5.1",
        "@zakkster/lite-audio-pool": "1.4.0",
        "@zakkster/lite-di-container": "2.2.0",
        "@zakkster/lite-di-cron": "1.0.0",
        "@zakkster/lite-di-event-bus": "1.1.0",
        "@zakkster/lite-di-graph": "1.0.0",
        "@zakkster/lite-di-health": "1.0.0",
        "@zakkster/lite-di-signal": "1.0.0",
        "@zakkster/lite-di-strategies": "1.0.0",
        "@zakkster/lite-di-supervisor": "1.0.0",
        "@zakkster/lite-di-ticker": "1.0.0",
        "@zakkster/lite-gl": "2.0.0",
        "@zakkster/lite-raf": "1.2.0",
        "@zakkster/lite-signal": "1.5.0"
      }
    },
    "node_modules/@zakkster/lite-audio": {
      "version": "2.5.1",
      "resolved": "https://registry.npmjs.org/@zakkster/lite-audio/-/lite-audio-2.5.1.tgz",
      "integrity": "sha512-l2uCyz8cLD2G8jWqrGtAjbgjs1t775rWAk3Wx8E3WOC8fYeSjAZhvNBrO+wzKoQCAP3FRbLVYtiWOIIhJH64vg==",
      "license": "MIT",
      "engines": {
        "node": ">=18"
      },
      "funding": {
        "type": "github",
        "url": "https://github.com/sponsors/PeshoVurtoleta"
      },
      "peerDependencies": {
        "@zakkster/lite-audio-pool": "^1.4.0",
        "@zakkster/lite-signal": "^1.4.3"
      }
    },
    "node_modules/@zakkster/lite-audio-pool": {
      "version": "1.4.0",
      "resolved": "https://registry.npmjs.org/@zakkster/lite-audio-pool/-/lite-audio-pool-1.4.0.tgz",
      "integrity": "sha512-E5mB6Oyhfr/lZ1jPk3miGfrTj4PavL/4snqiuf21jHjML7tMnS2VfrfKbCEnIDOVbODi45jent4XnnXu6u1+3Q==",
      "license": "MIT"
    },
    "node_modules/@zakkster/lite-di-container": {
      "version": "2.2.0",
      "resolved": "https://registry.npmjs.org/@zakkster/lite-di-container/-/lite-di-container-2.2.0.tgz",
      "integrity": "sha512-RENpDS0Frfh70d4s6GXynADVSvaGj9yYZBK4/azv7pqEHfj7mBty2Vw3okv6WoTkdl+10kQVJKd8JIR0TRZ/SQ==",
      "license": "MIT",
      "engines": {
        "node": ">=18"
      },
      "funding": {
        "type": "github",
        "url": "https://github.com/sponsors/PeshoVurtoleta"
      }
    },
    "node_modules/@zakkster/lite-di-cron": {
      "version": "1.0.0",
      "resolved": "https://registry.npmjs.org/@zakkster/lite-di-cron/-/lite-di-cron-1.0.0.tgz",
      "integrity": "sha512-NKWnb/sWbIyZhCviZELFVQDQuXRCdwkv42GOsoDmt6dhIQgPlAoE1cU5DjnyuI2cCpXyPBTwnH+YIsXJtchF1w==",
      "license": "MIT",
      "engines": {
        "node": ">=18"
      },
      "funding": {
        "type": "github",
        "url": "https://github.com/sponsors/PeshoVurtoleta"
      },
      "peerDependencies": {
        "@zakkster/lite-di-container": ">=2.0.0"
      }
    },
    "node_modules/@zakkster/lite-di-event-bus": {
      "version": "1.1.0",
      "resolved": "https://registry.npmjs.org/@zakkster/lite-di-event-bus/-/lite-di-event-bus-1.1.0.tgz",
      "integrity": "sha512-mmsW15UXfusFOqHkz83u8EIPRQSqjYN8dVCplHL25aeo7BLnO3xF1u8ZS3FAhzyP8fvoj3WyWtMp7qK9fM0B9g==",
      "license": "MIT",
      "engines": {
        "node": ">=18"
      },
      "funding": {
        "type": "github",
        "url": "https://github.com/sponsors/PeshoVurtoleta"
      },
      "peerDependencies": {
        "@zakkster/lite-di-container": ">=2.0.0"
      }
    },
    "node_modules/@zakkster/lite-di-graph": {
      "version": "1.0.0",
      "resolved": "https://registry.npmjs.org/@zakkster/lite-di-graph/-/lite-di-graph-1.0.0.tgz",
      "integrity": "sha512-X36AZh6twSE9jgRNLsl/9PD9ANAmKxzvdzo/D8EzH3GHqhC6rIFxdjJHnKt3e8jKyk3ZO6gqnOiDrA1iXf1UXQ==",
      "license": "MIT",
      "engines": {
        "node": ">=18"
      },
      "funding": {
        "type": "github",
        "url": "https://github.com/sponsors/PeshoVurtoleta"
      },
      "peerDependencies": {
        "@zakkster/lite-di-container": ">=2.1.0"
      }
    },
    "node_modules/@zakkster/lite-di-health": {
      "version": "1.0.0",
      "resolved": "https://registry.npmjs.org/@zakkster/lite-di-health/-/lite-di-health-1.0.0.tgz",
      "integrity": "sha512-J5DVDNv5C+IXuXlar/RpfY0X96ELgRf2P2v3LerXy/Fwdn9y9gG1Ztd+VVQeRpQAwl8HVW1ZtqXF2NKd7w2nuQ==",
      "license": "MIT",
      "engines": {
        "node": ">=18"
      },
      "funding": {
        "type": "github",
        "url": "https://github.com/sponsors/PeshoVurtoleta"
      }
    },
    "node_modules/@zakkster/lite-di-signal": {
      "version": "1.0.0",
      "resolved": "https://registry.npmjs.org/@zakkster/lite-di-signal/-/lite-di-signal-1.0.0.tgz",
      "integrity": "sha512-FRfqjbres0mN+v7ngtmGSPGMAz21JzgO699OQ0544AR9Ud/yNmmTpo+D0s4mkouRypWXtGHhb/+R8Lj2rFMp/g==",
      "license": "MIT",
      "engines": {
        "node": ">=18"
      },
      "funding": {
        "type": "github",
        "url": "https://github.com/sponsors/PeshoVurtoleta"
      }
    },
    "node_modules/@zakkster/lite-di-strategies": {
      "version": "1.0.0",
      "resolved": "https://registry.npmjs.org/@zakkster/lite-di-strategies/-/lite-di-strategies-1.0.0.tgz",
      "integrity": "sha512-+HWS3eF2nguK2cbrw3K1rOBy+WzzNHSsPP4hCKc81wqRP+S/wqW3uy+zD7o+QqpGL4LBmYOnpYdu+HeEnhhjwg==",
      "license": "MIT",
      "engines": {
        "node": ">=18"
      },
      "funding": {
        "type": "github",
        "url": "https://github.com/sponsors/PeshoVurtoleta"
      }
    },
    "node_modules/@zakkster/lite-di-supervisor": {
      "version": "1.0.0",
      "resolved": "https://registry.npmjs.org/@zakkster/lite-di-supervisor/-/lite-di-supervisor-1.0.0.tgz",
      "integrity": "sha512-glj3DtrOhxBQzijf++Uqd2k6Bu1txMYtoxELCiHJYQ3XeUhO5R9G7LJciRYrEhwO+HvIbRuNg+HsNYvkzaxavA==",
      "license": "MIT",
      "engines": {
        "node": ">=18"
      },
      "funding": {
        "type": "github",
        "url": "https://github.com/sponsors/PeshoVurtoleta"
      },
      "peerDependencies": {
        "@zakkster/lite-di-container": ">=2.2.0"
      }
    },
    "node_modules/@zakkster/lite-di-ticker": {
      "version": "1.0.0",
      "resolved": "https://registry.npmjs.org/@zakkster/lite-di-ticker/-/lite-di-ticker-1.0.0.tgz",
      "integrity": "sha512-6aXsp86pLYu+pIPtnrqTCpE+iYWSODanvYmA7DR1yRYlyhnDEecj9EtzNpvFq5dHgztLzSJ0Qb8r97Y5q6EmmA==",
      "license": "MIT",
      "engines": {
        "node": ">=18"
      },
      "funding": {
        "type": "github",
        "url": "https://github.com/sponsors/PeshoVurtoleta"
      },
      "peerDependencies": {
        "@zakkster/lite-di-container": ">=2.0.0",
        "@zakkster/lite-raf": ">=1.1.0"
      }
    },
    "node_modules/@zakkster/lite-gl": {
      "version": "2.0.0",
      "resolved": "https://registry.npmjs.org/@zakkster/lite-gl/-/lite-gl-2.0.0.tgz",
      "integrity": "sha512-I2yk59LnbrXmOHaB5dU2kz7qcDMjrYp3AZ0odPGdIP95/NYVVoyZdhplDFZysW4N9fWfZXceIVI8Au5FtwAeuQ==",
      "license": "MIT",
      "engines": {
        "node": ">=18"
      },
      "funding": {
        "type": "github",
        "url": "https://github.com/sponsors/PeshoVurtoleta"
      },
      "peerDependencies": {
        "@zakkster/lite-raf": "^1.0.0",
        "@zakkster/lite-signal": ">=1.5.0-alpha"
      }
    },
    "node_modules/@zakkster/lite-raf": {
      "version": "1.2.0",
      "resolved": "https://registry.npmjs.org/@zakkster/lite-raf/-/lite-raf-1.2.0.tgz",
      "integrity": "sha512-TsmB9J+PuSMK4CYP6Q/xsDL5d0V+ZCS6VXV361cSeLGmRO4Stdt54Za6/73U/+XxNj4blfMPAsgpNHlajlXi6Q==",
      "license": "MIT",
      "engines": {
        "node": ">=18"
      },
      "funding": {
        "type": "github",
        "url": "https://github.com/sponsors/PeshoVurtoleta"
      },
      "peerDependencies": {
        "@zakkster/lite-signal": "^1.1.5"
      }
    },
    "node_modules/@zakkster/lite-signal": {
      "version": "1.5.0",
      "resolved": "https://registry.npmjs.org/@zakkster/lite-signal/-/lite-signal-1.5.0.tgz",
      "integrity": "sha512-0EJgGu1gcp6OuDBm8CRrbBOn9NFcdIYDH3z/hgCzx0C5JkHX8arN/adZ8DO32FWIGaco55uSb51JsZTPD6kiQQ==",
      "license": "MIT",
      "engines": {
        "node": ">=18"
      },
      "funding": {
        "type": "github",
        "url": "https://github.com/sponsors/PeshoVurtoleta"
      }
    }
  }
}
